// !$*UTF8*$!
{
	archiveVersion = 1;
	classes = {
	};
	objectVersion = 50;
	objects = {

/* Begin PBXBuildFile section */
		DDA0ECCA2098CF0800E1538E /* AppDelegate.swift in Sources */ = {isa = PBXBuildFile; fileRef = DDA0ECC92098CF0800E1538E /* AppDelegate.swift */; };
		DDA0ECCC2098CF0800E1538E /* ViewController.swift in Sources */ = {isa = PBXBuildFile; fileRef = DDA0ECCB2098CF0800E1538E /* ViewController.swift */; };
		DDA0ECCF2098CF0800E1538E /* Main.storyboard in Resources */ = {isa = PBXBuildFile; fileRef = DDA0ECCD2098CF0800E1538E /* Main.storyboard */; };
		DDA0ECD12098CF0A00E1538E /* Assets.xcassets in Resources */ = {isa = PBXBuildFile; fileRef = DDA0ECD02098CF0A00E1538E /* Assets.xcassets */; };
		DDA0ECD42098CF0A00E1538E /* LaunchScreen.storyboard in Resources */ = {isa = PBXBuildFile; fileRef = DDA0ECD22098CF0A00E1538E /* LaunchScreen.storyboard */; };
/* End PBXBuildFile section */

/* Begin PBXFileReference section */
		DDA0ECC62098CF0800E1538E /* Wake Up With.app */ = {isa = PBXFileReference; explicitFileType = wrapper.application; includeInIndex = 0; path = "Wake Up With.app"; sourceTree = BUILT_PRODUCTS_DIR; };
		DDA0ECC92098CF0800E1538E /* AppDelegate.swift */ = {isa = PBXFileReference; lastKnownFileType = sourcecode.swift; path = AppDelegate.swift; sourceTree = "<group>"; };
		DDA0ECCB2098CF0800E1538E /* ViewController.swift */ = {isa = PBXFileReference; lastKnownFileType = sourcecode.swift; path = ViewController.swift; sourceTree = "<group>"; };
		DDA0ECCE2098CF0800E1538E /* Base */ = {isa = PBXFileReference; lastKnownFileType = file.storyboard; name = Base; path = Base.lproj/Main.storyboard; sourceTree = "<group>"; };
		DDA0ECD02098CF0A00E1538E /* Assets.xcassets */ = {isa = PBXFileReference; lastKnownFileType = folder.assetcatalog; path = Assets.xcassets; sourceTree = "<group>"; };
		DDA0ECD32098CF0A00E1538E /* Base */ = {isa = PBXFileReference; lastKnownFileType = file.storyboard; name = Base; path = Base.lproj/LaunchScreen.storyboard; sourceTree = "<group>"; };
		DDA0ECD52098CF0A00E1538E /* Info.plist */ = {isa = PBXFileReference; lastKnownFileType = text.plist.xml; path = Info.plist; sourceTree = "<group>"; };
/* End PBXFileReference section */

/* Begin PBXFrameworksBuildPhase section */
		DDA0ECC32098CF0800E1538E /* Frameworks */ = {
			isa = PBXFrameworksBuildPhase;
			buildActionMask = 2147483647;
			files = (
			);
			runOnlyForDeploymentPostprocessing = 0;
		};
/* End PBXFrameworksBuildPhase section */

/* Begin PBXGroup section */
		DDA0ECBD2098CF0800E1538E = {
			isa = PBXGroup;
			children = (
				DDA0ECC82098CF0800E1538E /* Wake Up With */,
				DDA0ECC72098CF0800E1538E /* Products */,
			);
			sourceTree = "<group>";
		};
		DDA0ECC72098CF0800E1538E /* Products */ = {
			isa = PBXGroup;
			children = (
				DDA0ECC62098CF0800E1538E /* Wake Up With.app */,
			);
			name = Products;
			sourceTree = "<group>";
		};
		DDA0ECC82098CF0800E1538E /* Wake Up With */ = {
			isa = PBXGroup;
			children = (
				DDA0ECC92098CF0800E1538E /* AppDelegate.swift */,
				DDA0ECCB2098CF0800E1538E /* ViewController.swift */,
				DDA0ECCD2098CF0800E1538E /* Main.storyboard */,
				DDA0ECD02098CF0A00E1538E /* Assets.xcassets */,
				DDA0ECD22098CF0A00E1538E /* LaunchScreen.storyboard */,
				DDA0ECD52098CF0A00E1538E /* Info.plist */,
			);
			path = "Wake Up With";
			sourceTree = "<group>";
		};
/* End PBXGroup section */

/* Begin PBXNativeTarget section */
		DDA0ECC52098CF0800E1538E /* Wake Up With */ = {
			isa = PBXNativeTarget;
			buildConfigurationList = DDA0ECD82098CF0A00E1538E /* Build configuration list for PBXNativeTarget "Wake Up With" */;
			buildPhases = (
				DDA0ECC22098CF0800E1538E /* Sources */,
				DDA0ECC32098CF0800E1538E /* Frameworks */,
				DDA0ECC42098CF0800E1538E /* Resources */,
			);
			buildRules = (
			);
			dependencies = (
			);
			name = "Wake Up With";
			productName = "Wake Up With";
			productReference = DDA0ECC62098CF0800E1538E /* Wake Up With.app */;
			productType = "com.apple.product-type.application";
		};
/* End PBXNativeTarget section */

/* Begin PBXProject section */
		DDA0ECBE2098CF0800E1538E /* Project object */ = {
			isa = PBXProject;
			attributes = {
				LastSwiftUpdateCheck = 0930;
				LastUpgradeCheck = 0930;
				ORGANIZATIONNAME = "Virak Ngauv";
				TargetAttributes = {
					DDA0ECC52098CF0800E1538E = {
						CreatedOnToolsVersion = 9.3;
					};
				};
			};
			buildConfigurationList = DDA0ECC12098CF0800E1538E /* Build configuration list for PBXProject "Wake Up With" */;
			compatibilityVersion = "Xcode 9.3";
			developmentRegion = en;
			hasScannedForEncodings = 0;
			knownRegions = (
				en,
				Base,
			);
			mainGroup = DDA0ECBD2098CF0800E1538E;
			productRefGroup = DDA0ECC72098CF0800E1538E /* Products */;
			projectDirPath = "";
			projectRoot = "";
			targets = (
				DDA0ECC52098CF0800E1538E /* Wake Up With */,
			);
		};
/* End PBXProject section */

/* Begin PBXResourcesBuildPhase section */
		DDA0ECC42098CF0800E1538E /* Resources */ = {
			isa = PBXResourcesBuildPhase;
			buildActionMask = 2147483647;
			files = (
				DDA0ECD42098CF0A00E1538E /* LaunchScreen.storyboard in Resources */,
				DDA0ECD12098CF0A00E1538E /* Assets.xcassets in Resources */,
				DDA0ECCF2098CF0800E1538E /* Main.storyboard in Resources */,
			);
			runOnlyForDeploymentPostprocessing = 0;
		};
/* End PBXResourcesBuildPhase section */

/* Begin PBXSourcesBuildPhase section */
		DDA0ECC22098CF0800E1538E /* Sources */ = {
			isa = PBXSourcesBuildPhase;
			buildActionMask = 2147483647;
			files = (
				DDA0ECCC2098CF0800E1538E /* ViewController.swift in Sources */,
				DDA0ECCA2098CF0800E1538E /* AppDelegate.swift in Sources */,
			);
			runOnlyForDeploymentPostprocessing = 0;
		};
/* End PBXSourcesBuildPhase section */

/* Begin PBXVariantGroup section */
		DDA0ECCD2098CF0800E1538E /* Main.storyboard */ = {
			isa = PBXVariantGroup;
			children = (
				DDA0ECCE2098CF0800E1538E /* Base */,
			);
			name = Main.storyboard;
			sourceTree = "<group>";
		};
		DDA0ECD22098CF0A00E1538E /* LaunchScreen.storyboard */ = {
			isa = PBXVariantGroup;
			children = (
				DDA0ECD32098CF0A00E1538E /* Base */,
			);
			name = LaunchScreen.storyboard;
			sourceTree = "<group>";
		};
/* End PBXVariantGroup section */

/* Begin XCBuildConfiguration section */
		DDA0ECD62098CF0A00E1538E /* Debug */ = {
			isa = XCBuildConfiguration;
			buildSettings = {
				ALWAYS_SEARCH_USER_PATHS = NO;
				CLANG_ANALYZER_NONNULL = YES;
				CLANG_ANALYZER_NUMBER_OBJECT_CONVERSION = YES_AGGRESSIVE;
				CLANG_CXX_LANGUAGE_STANDARD = "gnu++14";
				CLANG_CXX_LIBRARY = "libc++";
				CLANG_ENABLE_MODULES = YES;
				CLANG_ENABLE_OBJC_ARC = YES;
				CLANG_ENABLE_OBJC_WEAK = YES;
				CLANG_WARN_BLOCK_CAPTURE_AUTORELEASING = YES;
				CLANG_WARN_BOOL_CONVERSION = YES;
				CLANG_WARN_COMMA = YES;
				CLANG_WARN_CONSTANT_CONVERSION = YES;
				CLANG_WARN_DEPRECATED_OBJC_IMPLEMENTATIONS = YES;
				CLANG_WARN_DIRECT_OBJC_ISA_USAGE = YES_ERROR;
				CLANG_WARN_DOCUMENTATION_COMMENTS = YES;
				CLANG_WARN_EMPTY_BODY = YES;
				CLANG_WARN_ENUM_CONVERSION = YES;
				CLANG_WARN_INFINITE_RECURSION = YES;
				CLANG_WARN_INT_CONVERSION = YES;
				CLANG_WARN_NON_LITERAL_NULL_CONVERSION = YES;
				CLANG_WARN_OBJC_IMPLICIT_RETAIN_SELF = YES;
				CLANG_WARN_OBJC_LITERAL_CONVERSION = YES;
				CLANG_WARN_OBJC_ROOT_CLASS = YES_ERROR;
				CLANG_WARN_RANGE_LOOP_ANALYSIS = YES;
				CLANG_WARN_STRICT_PROTOTYPES = YES;
				CLANG_WARN_SUSPICIOUS_MOVE = YES;
				CLANG_WARN_UNGUARDED_AVAILABILITY = YES_AGGRESSIVE;
				CLANG_WARN_UNREACHABLE_CODE = YES;
				CLANG_WARN__DUPLICATE_METHOD_MATCH = YES;
				CODE_SIGN_IDENTITY = "iPhone Developer";
				COPY_PHASE_STRIP = NO;
				DEBUG_INFORMATION_FORMAT = dwarf;
				ENABLE_STRICT_OBJC_MSGSEND = YES;
				ENABLE_TESTABILITY = YES;
				GCC_C_LANGUAGE_STANDARD = gnu11;
				GCC_DYNAMIC_NO_PIC = NO;
				GCC_NO_COMMON_BLOCKS = YES;
				GCC_OPTIMIZATION_LEVEL = 0;
				GCC_PREPROCESSOR_DEFINITIONS = (
					"DEBUG=1",
					"$(inherited)",
				);
				GCC_WARN_64_TO_32_BIT_CONVERSION = YES;
				GCC_WARN_ABOUT_RETURN_TYPE = YES_ERROR;
				GCC_WARN_UNDECLARED_SELECTOR = YES;
				GCC_WARN_UNINITIALIZED_AUTOS = YES_AGGRESSIVE;
				GCC_WARN_UNUSED_FUNCTION = YES;
				GCC_WARN_UNUSED_VARIABLE = YES;
				IPHONEOS_DEPLOYMENT_TARGET = 11.3;
				MTL_ENABLE_DEBUG_INFO = YES;
				ONLY_ACTIVE_ARCH = YES;
				SDKROOT = iphoneos;
				SWIFT_ACTIVE_COMPILATION_CONDITIONS = DEBUG;
				SWIFT_OPTIMIZATION_LEVEL = "-Onone";
			};
			name = Debug;
		};
		DDA0ECD72098CF0A00E1538E /* Release */ = {
			isa = XCBuildConfiguration;
			buildSettings = {
				ALWAYS_SEARCH_USER_PATHS = NO;
				CLANG_ANALYZER_NONNULL = YES;
				CLANG_ANALYZER_NUMBER_OBJECT_CONVERSION = YES_AGGRESSIVE;
				CLANG_CXX_LANGUAGE_STANDARD = "gnu++14";
				CLANG_CXX_LIBRARY = "libc++";
				CLANG_ENABLE_MODULES = YES;
				CLANG_ENABLE_OBJC_ARC = YES;
				CLANG_ENABLE_OBJC_WEAK = YES;
				CLANG_WARN_BLOCK_CAPTURE_AUTORELEASING = YES;
				CLANG_WARN_BOOL_CONVERSION = YES;
				CLANG_WARN_COMMA = YES;
				CLANG_WARN_CONSTANT_CONVERSION = YES;
				CLANG_WARN_DEPRECATED_OBJC_IMPLEMENTATIONS = YES;
				CLANG_WARN_DIRECT_OBJC_ISA_USAGE = YES_ERROR;
				CLANG_WARN_DOCUMENTATION_COMMENTS = YES;
				CLANG_WARN_EMPTY_BODY = YES;
				CLANG_WARN_ENUM_CONVERSION = YES;
				CLANG_WARN_INFINITE_RECURSION = YES;
				CLANG_WARN_INT_CONVERSION = YES;
				CLANG_WARN_NON_LITERAL_NULL_CONVERSION = YES;
				CLANG_WARN_OBJC_IMPLICIT_RETAIN_SELF = YES;
				CLANG_WARN_OBJC_LITERAL_CONVERSION = YES;
				CLANG_WARN_OBJC_ROOT_CLASS = YES_ERROR;
				CLANG_WARN_RANGE_LOOP_ANALYSIS = YES;
				CLANG_WARN_STRICT_PROTOTYPES = YES;
				CLANG_WARN_SUSPICIOUS_MOVE = YES;
				CLANG_WARN_UNGUARDED_AVAILABILITY = YES_AGGRESSIVE;
				CLANG_WARN_UNREACHABLE_CODE = YES;
				CLANG_WARN__DUPLICATE_METHOD_MATCH = YES;
				CODE_SIGN_IDENTITY = "iPhone Developer";
				COPY_PHASE_STRIP = NO;
				DEBUG_INFORMATION_FORMAT = "dwarf-with-dsym";
				ENABLE_NS_ASSERTIONS = NO;
				ENABLE_STRICT_OBJC_MSGSEND = YES;
				GCC_C_LANGUAGE_STANDARD = gnu11;
				GCC_NO_COMMON_BLOCKS = YES;
				GCC_WARN_64_TO_32_BIT_CONVERSION = YES;
				GCC_WARN_ABOUT_RETURN_TYPE = YES_ERROR;
				GCC_WARN_UNDECLARED_SELECTOR = YES;
				GCC_WARN_UNINITIALIZED_AUTOS = YES_AGGRESSIVE;
				GCC_WARN_UNUSED_FUNCTION = YES;
				GCC_WARN_UNUSED_VARIABLE = YES;
				IPHONEOS_DEPLOYMENT_TARGET = 11.3;
				MTL_ENABLE_DEBUG_INFO = NO;
				SDKROOT = iphoneos;
				SWIFT_COMPILATION_MODE = wholemodule;
				SWIFT_OPTIMIZATION_LEVEL = "-O";
				VALIDATE_PRODUCT = YES;
			};
			name = Release;
		};
		DDA0ECD92098CF0A00E1538E /* Debug */ = {
			isa = XCBuildConfiguration;
			buildSettings = {
				ASSETCATALOG_COMPILER_APPICON_NAME = AppIcon;
				CODE_SIGN_STYLE = Automatic;
				DEVELOPMENT_TEAM = QDTVPYR6PV;
				INFOPLIST_FILE = "Wake Up With/Info.plist";
				LD_RUNPATH_SEARCH_PATHS = (
					"$(inherited)",
					"@executable_path/Frameworks",
				);
				PRODUCT_BUNDLE_IDENTIFIER = "com.virakngauv.Wake-Up-With";
				PRODUCT_NAME = "$(TARGET_NAME)";
				SWIFT_VERSION = 4.0;
				TARGETED_DEVICE_FAMILY = "1,2";
			};
			name = Debug;
		};
		DDA0ECDA2098CF0A00E1538E /* Release */ = {
			isa = XCBuildConfiguration;
			buildSettings = {
				ASSETCATALOG_COMPILER_APPICON_NAME = AppIcon;
				CODE_SIGN_STYLE = Automatic;
				DEVELOPMENT_TEAM = QDTVPYR6PV;
				INFOPLIST_FILE = "Wake Up With/Info.plist";
				LD_RUNPATH_SEARCH_PATHS = (
					"$(inherited)",
					"@executable_path/Frameworks",
				);
				PRODUCT_BUNDLE_IDENTIFIER = "com.virakngauv.Wake-Up-With";
				PRODUCT_NAME = "$(TARGET_NAME)";
				SWIFT_VERSION = 4.0;
				TARGETED_DEVICE_FAMILY = "1,2";
			};
			name = Release;
		};
/* End XCBuildConfiguration section */

/* Begin XCConfigurationList section */
		DDA0ECC12098CF0800E1538E /* Build configuration list for PBXProject "Wake Up With" */ = {
			isa = XCConfigurationList;
			buildConfigurations = (
				DDA0ECD62098CF0A00E1538E /* Debug */,
				DDA0ECD72098CF0A00E1538E /* Release */,
			);
			defaultConfigurationIsVisible = 0;
			defaultConfigurationName = Release;
		};
		DDA0ECD82098CF0A00E1538E /* Build configuration list for PBXNativeTarget "Wake Up With" */ = {
			isa = XCConfigurationList;
			buildConfigurations = (
				DDA0ECD92098CF0A00E1538E /* Debug */,
				DDA0ECDA2098CF0A00E1538E /* Release */,
			);
			defaultConfigurationIsVisible = 0;
			defaultConfigurationName = Release;
		};
/* End XCConfigurationList section */
	};
	rootObject = DDA0ECBE2098CF0800E1538E /* Project object */;
}
